
Microsoft Visual Studio Solution File, Format Version 12.00
# Visual Studio Version 17
VisualStudioVersion = 17.13.35913.81
MinimumVisualStudioVersion = 10.0.40219.1
Project("{8BC9CEB8-8B4A-11D0-8D11-00A0C91BC942}") = "AuswertungMFC", "AuswertungMFC.vcxproj", "{DDD1A656-A7E2-AEB0-3923-DD8402BBD523}"
EndProject
Project("{2150E333-8FDC-42A3-9474-1A3956D46DE8}") = "misc", "misc", "{02EA681E-C7D8-13C7-8484-4AC65E1B71E8}"
	ProjectSection(SolutionItems) = preProject
		adecc_includes.props = adecc_includes.props
		readme.md = readme.md
	EndProjectSection
EndProject
Project("{8BC9CEB8-8B4A-11D0-8D11-00A0C91BC942}") = "adecc_Scholar", "..\adecc_shared\adecc_Scholar.vcxitems", "{6688E9D2-935B-4A47-AFEC-72B354FAF8B9}"
EndProject
Project("{8BC9CEB8-8B4A-11D0-8D11-00A0C91BC942}") = "adecc_Tools", "..\adecc_shared\adecc_Tools.vcxitems", "{76E500CD-2252-4985-99E4-624EDC8B7CCF}"
EndProject
Project("{8BC9CEB8-8B4A-11D0-8D11-00A0C91BC942}") = "adecc_FileDlg", "..\adecc_shared\adecc_FileDlg.vcxitems", "{B0BF8C92-4FCF-4A5E-8721-3C9AAEA4D61B}"
EndProject
Global
	GlobalSection(SolutionConfigurationPlatforms) = preSolution
		Debug|x64 = Debug|x64
		Release|x64 = Release|x64
	EndGlobalSection
	GlobalSection(ProjectConfigurationPlatforms) = postSolution
		{DDD1A656-A7E2-AEB0-3923-DD8402BBD523}.Debug|x64.ActiveCfg = Debug|x64
		{DDD1A656-A7E2-AEB0-3923-DD8402BBD523}.Debug|x64.Build.0 = Debug|x64
		{DDD1A656-A7E2-AEB0-3923-DD8402BBD523}.Release|x64.ActiveCfg = Release|x64
		{DDD1A656-A7E2-AEB0-3923-DD8402BBD523}.Release|x64.Build.0 = Release|x64
	EndGlobalSection
	GlobalSection(SolutionProperties) = preSolution
		HideSolutionNode = FALSE
	EndGlobalSection
	GlobalSection(ExtensibilityGlobals) = postSolution
		SolutionGuid = {CE95EFCF-4594-44B4-9B7F-C02EC02A656E}
	EndGlobalSection
	GlobalSection(SharedMSBuildProjectFiles) = preSolution
		..\adecc_shared\adecc_Scholar.vcxitems*{6688e9d2-935b-4a47-afec-72b354faf8b9}*SharedItemsImports = 9
		..\adecc_shared\adecc_Tools.vcxitems*{76e500cd-2252-4985-99e4-624edc8b7ccf}*SharedItemsImports = 9
		..\adecc_shared\adecc_FileDlg.vcxitems*{b0bf8c92-4fcf-4a5e-8721-3c9aaea4d61b}*SharedItemsImports = 9
		..\adecc_shared\adecc_FileDlg.vcxitems*{ddd1a656-a7e2-aeb0-3923-dd8402bbd523}*SharedItemsImports = 4
	EndGlobalSection
EndGlobal
